
Microsoft Visual Studio Solution File, Format Version 12.00
# Visual Studio 15
VisualStudioVersion = 15.0.27004.2010
MinimumVisualStudioVersion = 10.0.40219.1
Project("{2150E333-8FDC-42A3-9474-1A3956D46DE8}") = ".Solution Items", ".Solution Items", "{B9E445C5-34C0-4E2E-B3CD-C1DD12164DC8}"
	ProjectSection(SolutionItems) = preProject
		.editorconfig = .editorconfig
		.gitignore = .gitignore
		README.md = README.md
	EndProjectSection
EndProject
Project("{9A19103F-16F7-4668-BE54-9A1E7A4F7556}") = "Algo", "Algo\Algo.csproj", "{47317D2F-DFCA-483A-947A-B373D196F569}"
EndProject
Project("{FAE04EC0-301F-11D3-BF4B-00C04F79EFBC}") = "AlgoTest", "AlgoTest\AlgoTest.csproj", "{1F9395DD-CF2C-429D-BE9B-31348D3D5CB3}"
EndProject
Global
	GlobalSection(SolutionConfigurationPlatforms) = preSolution
		Debug|Any CPU = Debug|Any CPU
		Release|Any CPU = Release|Any CPU
	EndGlobalSection
	GlobalSection(ProjectConfigurationPlatforms) = postSolution
		{47317D2F-DFCA-483A-947A-B373D196F569}.Debug|Any CPU.ActiveCfg = Debug|Any CPU
		{47317D2F-DFCA-483A-947A-B373D196F569}.Debug|Any CPU.Build.0 = Debug|Any CPU
		{47317D2F-DFCA-483A-947A-B373D196F569}.Release|Any CPU.ActiveCfg = Release|Any CPU
		{47317D2F-DFCA-483A-947A-B373D196F569}.Release|Any CPU.Build.0 = Release|Any CPU
		{1F9395DD-CF2C-429D-BE9B-31348D3D5CB3}.Debug|Any CPU.ActiveCfg = Debug|Any CPU
		{1F9395DD-CF2C-429D-BE9B-31348D3D5CB3}.Debug|Any CPU.Build.0 = Debug|Any CPU
		{1F9395DD-CF2C-429D-BE9B-31348D3D5CB3}.Release|Any CPU.ActiveCfg = Release|Any CPU
		{1F9395DD-CF2C-429D-BE9B-31348D3D5CB3}.Release|Any CPU.Build.0 = Release|Any CPU
	EndGlobalSection
	GlobalSection(SolutionProperties) = preSolution
		HideSolutionNode = FALSE
	EndGlobalSection
	GlobalSection(ExtensibilityGlobals) = postSolution
		SolutionGuid = {724330F7-453D-4E78-A0FA-FD99CD92CE30}
	EndGlobalSection
EndGlobal
